
Microsoft Visual Studio Solution File, Format Version 12.00
# Visual Studio Version 17
VisualStudioVersion = 17.7.34031.279
MinimumVisualStudioVersion = 10.0.40219.1
Project("{FAE04EC0-301F-11D3-BF4B-00C04F79EFBC}") = "DecoratorPatternDemo", "DecoratorPatternDemo\DecoratorPatternDemo.csproj", "{64A2ADDF-FDB4-42FE-96F9-8FEF538B5E57}"
EndProject
Global
	GlobalSection(SolutionConfigurationPlatforms) = preSolution
		Debug|Any CPU = Debug|Any CPU
		Release|Any CPU = Release|Any CPU
	EndGlobalSection
	GlobalSection(ProjectConfigurationPlatforms) = postSolution
		{64A2ADDF-FDB4-42FE-96F9-8FEF538B5E57}.Debug|Any CPU.ActiveCfg = Debug|Any CPU
		{64A2ADDF-FDB4-42FE-96F9-8FEF538B5E57}.Debug|Any CPU.Build.0 = Debug|Any CPU
		{64A2ADDF-FDB4-42FE-96F9-8FEF538B5E57}.Release|Any CPU.ActiveCfg = Release|Any CPU
		{64A2ADDF-FDB4-42FE-96F9-8FEF538B5E57}.Release|Any CPU.Build.0 = Release|Any CPU
	EndGlobalSection
	GlobalSection(SolutionProperties) = preSolution
		HideSolutionNode = FALSE
	EndGlobalSection
	GlobalSection(ExtensibilityGlobals) = postSolution
		SolutionGuid = {212ABD1F-0395-4256-B54F-7BF139C01338}
	EndGlobalSection
EndGlobal
